<Solution>
  <Folder Name="/src/">
    <Project Path="src/BankingAgent.Plugin.Sdk/BankingAgent.Plugin.Sdk.csproj" />
    <Project Path="src/BankingAgent.Base/BankingAgent.Base.csproj" />
    <Project Path="src/BankingAgent.Host/BankingAgent.Host.csproj" />
  </Folder>
  <Folder Name="/mock-bank/">
    <Project Path="mock-bank/MockBank.Api/MockBank.Api.csproj" />
  </Folder>
  <Folder Name="/plugins/">
    <Project Path="plugins/BankingAgent.Plugin.Transfer/BankingAgent.Plugin.Transfer.csproj" />
    <Project Path="plugins/BankingAgent.Plugin.BillAnalysis/BankingAgent.Plugin.BillAnalysis.csproj" />
    <Project Path="plugins/BankingAgent.Plugin.CardManagement/BankingAgent.Plugin.CardManagement.csproj" />
    <Project Path="plugins/BankingAgent.Plugin.Wealth/BankingAgent.Plugin.Wealth.csproj" />
  </Folder>
  <!--
    娴嬭瘯椤圭洰蹇呴』杩涜В鍐虫柟妗堬細
    CI 涔嬪墠寮曠敤瀹冧滑鍋?dotnet test锛屼絾瀹冧滑涓嶅湪 slnx 閲岋紝
    瀵艰嚧銆屾湰鍦拌兘杩囥€丆I 浠庢潵娴嬩笉鍒般€嶃€侲2ETest 涓?StressTest 闇€瑕佽繍琛屼腑鐨?    Mock Bank(:5200) 涓庡涓?:5243)锛岀敱 CI 鐨?integration 浣滀笟鍗曠嫭鍚姩鍚庤皟鐢紝
    鍥犳鍚屾牱绾冲叆缂栬瘧鑼冨洿锛屼繚璇佺鍚嶅彉鍖栨椂涓嶄細婕忔敼銆?  -->
  <Folder Name="/tests/">
    <Project Path="UnitTests/UnitTests.csproj" />
    <Project Path="E2ETest/E2ETest.csproj" />
    <Project Path="StressTest/StressTest.csproj" />
    <Project Path="LoadTest/LoadTest.csproj" />
    <Project Path="CryptoSelfTest/CryptoSelfTest.csproj" />
  </Folder>
</Solution>
